// !$*UTF8*$!
{
	archiveVersion = 1;
	classes = {
	};
	objectVersion = 50;
	objects = {

/* Begin PBXBuildFile section */
		2C3A456521449423005AF478 /* Trackattr.swift in Sources */ = {isa = PBXBuildFile; fileRef = 2C3A455E21449422005AF478 /* Trackattr.swift */; };
		2C3A456621449423005AF478 /* Trackattr.swift in Sources */ = {isa = PBXBuildFile; fileRef = 2C3A455E21449422005AF478 /* Trackattr.swift */; };
		2C3A456721449423005AF478 /* Trackattr.swift in Sources */ = {isa = PBXBuildFile; fileRef = 2C3A455E21449422005AF478 /* Trackattr.swift */; };
		2C3A456821449423005AF478 /* TrackRootClass.swift in Sources */ = {isa = PBXBuildFile; fileRef = 2C3A455F21449422005AF478 /* TrackRootClass.swift */; };
		2C3A456921449423005AF478 /* TrackRootClass.swift in Sources */ = {isa = PBXBuildFile; fileRef = 2C3A455F21449422005AF478 /* TrackRootClass.swift */; };
		2C3A456A21449423005AF478 /* TrackRootClass.swift in Sources */ = {isa = PBXBuildFile; fileRef = 2C3A455F21449422005AF478 /* TrackRootClass.swift */; };
		2C3A456B21449423005AF478 /* Trackmatche.swift in Sources */ = {isa = PBXBuildFile; fileRef = 2C3A456021449422005AF478 /* Trackmatche.swift */; };
		2C3A456C21449423005AF478 /* Trackmatche.swift in Sources */ = {isa = PBXBuildFile; fileRef = 2C3A456021449422005AF478 /* Trackmatche.swift */; };
		2C3A456D21449423005AF478 /* Trackmatche.swift in Sources */ = {isa = PBXBuildFile; fileRef = 2C3A456021449422005AF478 /* Trackmatche.swift */; };
		2C3A456E21449423005AF478 /* Track.swift in Sources */ = {isa = PBXBuildFile; fileRef = 2C3A456121449422005AF478 /* Track.swift */; };
		2C3A456F21449423005AF478 /* Track.swift in Sources */ = {isa = PBXBuildFile; fileRef = 2C3A456121449422005AF478 /* Track.swift */; };
		2C3A457021449423005AF478 /* Track.swift in Sources */ = {isa = PBXBuildFile; fileRef = 2C3A456121449422005AF478 /* Track.swift */; };
		2C3A457121449423005AF478 /* TrackResult.swift in Sources */ = {isa = PBXBuildFile; fileRef = 2C3A456221449422005AF478 /* TrackResult.swift */; };
		2C3A457221449423005AF478 /* TrackResult.swift in Sources */ = {isa = PBXBuildFile; fileRef = 2C3A456221449422005AF478 /* TrackResult.swift */; };
		2C3A457321449423005AF478 /* TrackResult.swift in Sources */ = {isa = PBXBuildFile; fileRef = 2C3A456221449422005AF478 /* TrackResult.swift */; };
		2C3A457421449423005AF478 /* TrackImage.swift in Sources */ = {isa = PBXBuildFile; fileRef = 2C3A456321449422005AF478 /* TrackImage.swift */; };
		2C3A457521449423005AF478 /* TrackImage.swift in Sources */ = {isa = PBXBuildFile; fileRef = 2C3A456321449422005AF478 /* TrackImage.swift */; };
		2C3A457621449423005AF478 /* TrackImage.swift in Sources */ = {isa = PBXBuildFile; fileRef = 2C3A456321449422005AF478 /* TrackImage.swift */; };
		2C3A457721449423005AF478 /* TrackOpensearchQuery.swift in Sources */ = {isa = PBXBuildFile; fileRef = 2C3A456421449422005AF478 /* TrackOpensearchQuery.swift */; };
		2C3A457821449423005AF478 /* TrackOpensearchQuery.swift in Sources */ = {isa = PBXBuildFile; fileRef = 2C3A456421449422005AF478 /* TrackOpensearchQuery.swift */; };
		2C3A457921449423005AF478 /* TrackOpensearchQuery.swift in Sources */ = {isa = PBXBuildFile; fileRef = 2C3A456421449422005AF478 /* TrackOpensearchQuery.swift */; };
		2C3A45812144942E005AF478 /* AlbumImage.swift in Sources */ = {isa = PBXBuildFile; fileRef = 2C3A457A2144942D005AF478 /* AlbumImage.swift */; };
		2C3A45822144942E005AF478 /* AlbumImage.swift in Sources */ = {isa = PBXBuildFile; fileRef = 2C3A457A2144942D005AF478 /* AlbumImage.swift */; };
		2C3A45832144942E005AF478 /* AlbumImage.swift in Sources */ = {isa = PBXBuildFile; fileRef = 2C3A457A2144942D005AF478 /* AlbumImage.swift */; };
		2C3A45842144942E005AF478 /* AlbumOpensearchQuery.swift in Sources */ = {isa = PBXBuildFile; fileRef = 2C3A457B2144942D005AF478 /* AlbumOpensearchQuery.swift */; };
		2C3A45852144942E005AF478 /* AlbumOpensearchQuery.swift in Sources */ = {isa = PBXBuildFile; fileRef = 2C3A457B2144942D005AF478 /* AlbumOpensearchQuery.swift */; };
		2C3A45862144942E005AF478 /* AlbumOpensearchQuery.swift in Sources */ = {isa = PBXBuildFile; fileRef = 2C3A457B2144942D005AF478 /* AlbumOpensearchQuery.swift */; };
		2C3A45872144942E005AF478 /* Album.swift in Sources */ = {isa = PBXBuildFile; fileRef = 2C3A457C2144942D005AF478 /* Album.swift */; };
		2C3A45882144942E005AF478 /* Album.swift in Sources */ = {isa = PBXBuildFile; fileRef = 2C3A457C2144942D005AF478 /* Album.swift */; };
		2C3A45892144942E005AF478 /* Album.swift in Sources */ = {isa = PBXBuildFile; fileRef = 2C3A457C2144942D005AF478 /* Album.swift */; };
		2C3A458A2144942E005AF478 /* Albummatche.swift in Sources */ = {isa = PBXBuildFile; fileRef = 2C3A457D2144942D005AF478 /* Albummatche.swift */; };
		2C3A458B2144942E005AF478 /* Albummatche.swift in Sources */ = {isa = PBXBuildFile; fileRef = 2C3A457D2144942D005AF478 /* Albummatche.swift */; };
		2C3A458C2144942E005AF478 /* Albummatche.swift in Sources */ = {isa = PBXBuildFile; fileRef = 2C3A457D2144942D005AF478 /* Albummatche.swift */; };
		2C3A458D2144942E005AF478 /* AlbumRootClass.swift in Sources */ = {isa = PBXBuildFile; fileRef = 2C3A457E2144942D005AF478 /* AlbumRootClass.swift */; };
		2C3A458E2144942E005AF478 /* AlbumRootClass.swift in Sources */ = {isa = PBXBuildFile; fileRef = 2C3A457E2144942D005AF478 /* AlbumRootClass.swift */; };
		2C3A458F2144942E005AF478 /* AlbumRootClass.swift in Sources */ = {isa = PBXBuildFile; fileRef = 2C3A457E2144942D005AF478 /* AlbumRootClass.swift */; };
		2C3A45902144942E005AF478 /* Albumattr.swift in Sources */ = {isa = PBXBuildFile; fileRef = 2C3A457F2144942D005AF478 /* Albumattr.swift */; };
		2C3A45912144942E005AF478 /* Albumattr.swift in Sources */ = {isa = PBXBuildFile; fileRef = 2C3A457F2144942D005AF478 /* Albumattr.swift */; };
		2C3A45922144942E005AF478 /* Albumattr.swift in Sources */ = {isa = PBXBuildFile; fileRef = 2C3A457F2144942D005AF478 /* Albumattr.swift */; };
		2C3A45932144942E005AF478 /* AlbumResult.swift in Sources */ = {isa = PBXBuildFile; fileRef = 2C3A45802144942D005AF478 /* AlbumResult.swift */; };
		2C3A45942144942E005AF478 /* AlbumResult.swift in Sources */ = {isa = PBXBuildFile; fileRef = 2C3A45802144942D005AF478 /* AlbumResult.swift */; };
		2C3A45952144942E005AF478 /* AlbumResult.swift in Sources */ = {isa = PBXBuildFile; fileRef = 2C3A45802144942D005AF478 /* AlbumResult.swift */; };
		2C3A459D2144943C005AF478 /* ArtistImage.swift in Sources */ = {isa = PBXBuildFile; fileRef = 2C3A45962144943C005AF478 /* ArtistImage.swift */; };
		2C3A459E2144943C005AF478 /* ArtistImage.swift in Sources */ = {isa = PBXBuildFile; fileRef = 2C3A45962144943C005AF478 /* ArtistImage.swift */; };
		2C3A459F2144943C005AF478 /* ArtistImage.swift in Sources */ = {isa = PBXBuildFile; fileRef = 2C3A45962144943C005AF478 /* ArtistImage.swift */; };
		2C3A45A02144943C005AF478 /* ArtistOpensearchQuery.swift in Sources */ = {isa = PBXBuildFile; fileRef = 2C3A45972144943C005AF478 /* ArtistOpensearchQuery.swift */; };
		2C3A45A12144943C005AF478 /* ArtistOpensearchQuery.swift in Sources */ = {isa = PBXBuildFile; fileRef = 2C3A45972144943C005AF478 /* ArtistOpensearchQuery.swift */; };
		2C3A45A22144943C005AF478 /* ArtistOpensearchQuery.swift in Sources */ = {isa = PBXBuildFile; fileRef = 2C3A45972144943C005AF478 /* ArtistOpensearchQuery.swift */; };
		2C3A45A32144943C005AF478 /* Artistmatche.swift in Sources */ = {isa = PBXBuildFile; fileRef = 2C3A45982144943C005AF478 /* Artistmatche.swift */; };
		2C3A45A42144943C005AF478 /* Artistmatche.swift in Sources */ = {isa = PBXBuildFile; fileRef = 2C3A45982144943C005AF478 /* Artistmatche.swift */; };
		2C3A45A52144943C005AF478 /* Artistmatche.swift in Sources */ = {isa = PBXBuildFile; fileRef = 2C3A45982144943C005AF478 /* Artistmatche.swift */; };
		2C3A45A62144943C005AF478 /* ArtistResult.swift in Sources */ = {isa = PBXBuildFile; fileRef = 2C3A45992144943C005AF478 /* ArtistResult.swift */; };
		2C3A45A72144943C005AF478 /* ArtistResult.swift in Sources */ = {isa = PBXBuildFile; fileRef = 2C3A45992144943C005AF478 /* ArtistResult.swift */; };
		2C3A45A82144943C005AF478 /* ArtistResult.swift in Sources */ = {isa = PBXBuildFile; fileRef = 2C3A45992144943C005AF478 /* ArtistResult.swift */; };
		2C3A45A92144943C005AF478 /* Artistattr.swift in Sources */ = {isa = PBXBuildFile; fileRef = 2C3A459A2144943C005AF478 /* Artistattr.swift */; };
		2C3A45AA2144943C005AF478 /* Artistattr.swift in Sources */ = {isa = PBXBuildFile; fileRef = 2C3A459A2144943C005AF478 /* Artistattr.swift */; };
		2C3A45AB2144943C005AF478 /* Artistattr.swift in Sources */ = {isa = PBXBuildFile; fileRef = 2C3A459A2144943C005AF478 /* Artistattr.swift */; };
		2C3A45AC2144943C005AF478 /* Artist.swift in Sources */ = {isa = PBXBuildFile; fileRef = 2C3A459B2144943C005AF478 /* Artist.swift */; };
		2C3A45AD2144943C005AF478 /* Artist.swift in Sources */ = {isa = PBXBuildFile; fileRef = 2C3A459B2144943C005AF478 /* Artist.swift */; };
		2C3A45AE2144943C005AF478 /* Artist.swift in Sources */ = {isa = PBXBuildFile; fileRef = 2C3A459B2144943C005AF478 /* Artist.swift */; };
		2C3A45AF2144943C005AF478 /* ArtistRootClass.swift in Sources */ = {isa = PBXBuildFile; fileRef = 2C3A459C2144943C005AF478 /* ArtistRootClass.swift */; };
		2C3A45B02144943C005AF478 /* ArtistRootClass.swift in Sources */ = {isa = PBXBuildFile; fileRef = 2C3A459C2144943C005AF478 /* ArtistRootClass.swift */; };
		2C3A45B12144943C005AF478 /* ArtistRootClass.swift in Sources */ = {isa = PBXBuildFile; fileRef = 2C3A459C2144943C005AF478 /* ArtistRootClass.swift */; };
		2C89A5602141AB79007802C8 /* AppDelegate.swift in Sources */ = {isa = PBXBuildFile; fileRef = 2C89A55F2141AB79007802C8 /* AppDelegate.swift */; };
		2C89A5622141AB79007802C8 /* MainViewController.swift in Sources */ = {isa = PBXBuildFile; fileRef = 2C89A5612141AB79007802C8 /* MainViewController.swift */; };
		2C89A5652141AB7A007802C8 /* Main.storyboard in Resources */ = {isa = PBXBuildFile; fileRef = 2C89A5632141AB7A007802C8 /* Main.storyboard */; };
		2C89A5682141AB7A007802C8 /* Music.xcdatamodeld in Sources */ = {isa = PBXBuildFile; fileRef = 2C89A5662141AB7A007802C8 /* Music.xcdatamodeld */; };
		2C89A56A2141AB7A007802C8 /* Assets.xcassets in Resources */ = {isa = PBXBuildFile; fileRef = 2C89A5692141AB7A007802C8 /* Assets.xcassets */; };
		2C89A56D2141AB7A007802C8 /* LaunchScreen.storyboard in Resources */ = {isa = PBXBuildFile; fileRef = 2C89A56B2141AB7A007802C8 /* LaunchScreen.storyboard */; };
		2C89A5782141AB7A007802C8 /* MusicTests.swift in Sources */ = {isa = PBXBuildFile; fileRef = 2C89A5772141AB7A007802C8 /* MusicTests.swift */; };
		2C89A5832141AB7A007802C8 /* MusicUITests.swift in Sources */ = {isa = PBXBuildFile; fileRef = 2C89A5822141AB7A007802C8 /* MusicUITests.swift */; };
		2CF49B882143DA8A00A2C757 /* PickerView.swift in Sources */ = {isa = PBXBuildFile; fileRef = 2CF49B872143DA8A00A2C757 /* PickerView.swift */; };
		2CF49B892143DA8A00A2C757 /* PickerView.swift in Sources */ = {isa = PBXBuildFile; fileRef = 2CF49B872143DA8A00A2C757 /* PickerView.swift */; };
		2CF49B8A2143DA8A00A2C757 /* PickerView.swift in Sources */ = {isa = PBXBuildFile; fileRef = 2CF49B872143DA8A00A2C757 /* PickerView.swift */; };
		2CF49B902143FA2F00A2C757 /* MusicPresenter.swift in Sources */ = {isa = PBXBuildFile; fileRef = 2CF49B8F2143FA2F00A2C757 /* MusicPresenter.swift */; };
		2CF49B912143FA2F00A2C757 /* MusicPresenter.swift in Sources */ = {isa = PBXBuildFile; fileRef = 2CF49B8F2143FA2F00A2C757 /* MusicPresenter.swift */; };
		2CF49B922143FA2F00A2C757 /* MusicPresenter.swift in Sources */ = {isa = PBXBuildFile; fileRef = 2CF49B8F2143FA2F00A2C757 /* MusicPresenter.swift */; };
		2CF49B942144542900A2C757 /* MusicDetailViewController.swift in Sources */ = {isa = PBXBuildFile; fileRef = 2CF49B932144542900A2C757 /* MusicDetailViewController.swift */; };
		2CF49B952144542900A2C757 /* MusicDetailViewController.swift in Sources */ = {isa = PBXBuildFile; fileRef = 2CF49B932144542900A2C757 /* MusicDetailViewController.swift */; };
		2CF49B962144542900A2C757 /* MusicDetailViewController.swift in Sources */ = {isa = PBXBuildFile; fileRef = 2CF49B932144542900A2C757 /* MusicDetailViewController.swift */; };
/* End PBXBuildFile section */

/* Begin PBXContainerItemProxy section */
		2C89A5742141AB7A007802C8 /* PBXContainerItemProxy */ = {
			isa = PBXContainerItemProxy;
			containerPortal = 2C89A5542141AB79007802C8 /* Project object */;
			proxyType = 1;
			remoteGlobalIDString = 2C89A55B2141AB79007802C8;
			remoteInfo = Music;
		};
		2C89A57F2141AB7A007802C8 /* PBXContainerItemProxy */ = {
			isa = PBXContainerItemProxy;
			containerPortal = 2C89A5542141AB79007802C8 /* Project object */;
			proxyType = 1;
			remoteGlobalIDString = 2C89A55B2141AB79007802C8;
			remoteInfo = Music;
		};
/* End PBXContainerItemProxy section */

/* Begin PBXFileReference section */
		2C3A455E21449422005AF478 /* Trackattr.swift */ = {isa = PBXFileReference; fileEncoding = 4; lastKnownFileType = sourcecode.swift; path = Trackattr.swift; sourceTree = "<group>"; };
		2C3A455F21449422005AF478 /* TrackRootClass.swift */ = {isa = PBXFileReference; fileEncoding = 4; lastKnownFileType = sourcecode.swift; path = TrackRootClass.swift; sourceTree = "<group>"; };
		2C3A456021449422005AF478 /* Trackmatche.swift */ = {isa = PBXFileReference; fileEncoding = 4; lastKnownFileType = sourcecode.swift; path = Trackmatche.swift; sourceTree = "<group>"; };
		2C3A456121449422005AF478 /* Track.swift */ = {isa = PBXFileReference; fileEncoding = 4; lastKnownFileType = sourcecode.swift; path = Track.swift; sourceTree = "<group>"; };
		2C3A456221449422005AF478 /* TrackResult.swift */ = {isa = PBXFileReference; fileEncoding = 4; lastKnownFileType = sourcecode.swift; path = TrackResult.swift; sourceTree = "<group>"; };
		2C3A456321449422005AF478 /* TrackImage.swift */ = {isa = PBXFileReference; fileEncoding = 4; lastKnownFileType = sourcecode.swift; path = TrackImage.swift; sourceTree = "<group>"; };
		2C3A456421449422005AF478 /* TrackOpensearchQuery.swift */ = {isa = PBXFileReference; fileEncoding = 4; lastKnownFileType = sourcecode.swift; path = TrackOpensearchQuery.swift; sourceTree = "<group>"; };
		2C3A457A2144942D005AF478 /* AlbumImage.swift */ = {isa = PBXFileReference; fileEncoding = 4; lastKnownFileType = sourcecode.swift; path = AlbumImage.swift; sourceTree = "<group>"; };
		2C3A457B2144942D005AF478 /* AlbumOpensearchQuery.swift */ = {isa = PBXFileReference; fileEncoding = 4; lastKnownFileType = sourcecode.swift; path = AlbumOpensearchQuery.swift; sourceTree = "<group>"; };
		2C3A457C2144942D005AF478 /* Album.swift */ = {isa = PBXFileReference; fileEncoding = 4; lastKnownFileType = sourcecode.swift; path = Album.swift; sourceTree = "<group>"; };
		2C3A457D2144942D005AF478 /* Albummatche.swift */ = {isa = PBXFileReference; fileEncoding = 4; lastKnownFileType = sourcecode.swift; path = Albummatche.swift; sourceTree = "<group>"; };
		2C3A457E2144942D005AF478 /* AlbumRootClass.swift */ = {isa = PBXFileReference; fileEncoding = 4; lastKnownFileType = sourcecode.swift; path = AlbumRootClass.swift; sourceTree = "<group>"; };
		2C3A457F2144942D005AF478 /* Albumattr.swift */ = {isa = PBXFileReference; fileEncoding = 4; lastKnownFileType = sourcecode.swift; path = Albumattr.swift; sourceTree = "<group>"; };
		2C3A45802144942D005AF478 /* AlbumResult.swift */ = {isa = PBXFileReference; fileEncoding = 4; lastKnownFileType = sourcecode.swift; path = AlbumResult.swift; sourceTree = "<group>"; };
		2C3A45962144943C005AF478 /* ArtistImage.swift */ = {isa = PBXFileReference; fileEncoding = 4; lastKnownFileType = sourcecode.swift; path = ArtistImage.swift; sourceTree = "<group>"; };
		2C3A45972144943C005AF478 /* ArtistOpensearchQuery.swift */ = {isa = PBXFileReference; fileEncoding = 4; lastKnownFileType = sourcecode.swift; path = ArtistOpensearchQuery.swift; sourceTree = "<group>"; };
		2C3A45982144943C005AF478 /* Artistmatche.swift */ = {isa = PBXFileReference; fileEncoding = 4; lastKnownFileType = sourcecode.swift; path = Artistmatche.swift; sourceTree = "<group>"; };
		2C3A45992144943C005AF478 /* ArtistResult.swift */ = {isa = PBXFileReference; fileEncoding = 4; lastKnownFileType = sourcecode.swift; path = ArtistResult.swift; sourceTree = "<group>"; };
		2C3A459A2144943C005AF478 /* Artistattr.swift */ = {isa = PBXFileReference; fileEncoding = 4; lastKnownFileType = sourcecode.swift; path = Artistattr.swift; sourceTree = "<group>"; };
		2C3A459B2144943C005AF478 /* Artist.swift */ = {isa = PBXFileReference; fileEncoding = 4; lastKnownFileType = sourcecode.swift; path = Artist.swift; sourceTree = "<group>"; };
		2C3A459C2144943C005AF478 /* ArtistRootClass.swift */ = {isa = PBXFileReference; fileEncoding = 4; lastKnownFileType = sourcecode.swift; path = ArtistRootClass.swift; sourceTree = "<group>"; };
		2C89A55C2141AB79007802C8 /* Music.app */ = {isa = PBXFileReference; explicitFileType = wrapper.application; includeInIndex = 0; path = Music.app; sourceTree = BUILT_PRODUCTS_DIR; };
		2C89A55F2141AB79007802C8 /* AppDelegate.swift */ = {isa = PBXFileReference; lastKnownFileType = sourcecode.swift; path = AppDelegate.swift; sourceTree = "<group>"; };
		2C89A5612141AB79007802C8 /* MainViewController.swift */ = {isa = PBXFileReference; lastKnownFileType = sourcecode.swift; path = MainViewController.swift; sourceTree = "<group>"; };
		2C89A5642141AB7A007802C8 /* Base */ = {isa = PBXFileReference; lastKnownFileType = file.storyboard; name = Base; path = Base.lproj/Main.storyboard; sourceTree = "<group>"; };
		2C89A5672141AB7A007802C8 /* Music.xcdatamodel */ = {isa = PBXFileReference; lastKnownFileType = wrapper.xcdatamodel; path = Music.xcdatamodel; sourceTree = "<group>"; };
		2C89A5692141AB7A007802C8 /* Assets.xcassets */ = {isa = PBXFileReference; lastKnownFileType = folder.assetcatalog; path = Assets.xcassets; sourceTree = "<group>"; };
		2C89A56C2141AB7A007802C8 /* Base */ = {isa = PBXFileReference; lastKnownFileType = file.storyboard; name = Base; path = Base.lproj/LaunchScreen.storyboard; sourceTree = "<group>"; };
		2C89A56E2141AB7A007802C8 /* Info.plist */ = {isa = PBXFileReference; lastKnownFileType = text.plist.xml; path = Info.plist; sourceTree = "<group>"; };
		2C89A5732141AB7A007802C8 /* MusicTests.xctest */ = {isa = PBXFileReference; explicitFileType = wrapper.cfbundle; includeInIndex = 0; path = MusicTests.xctest; sourceTree = BUILT_PRODUCTS_DIR; };
		2C89A5772141AB7A007802C8 /* MusicTests.swift */ = {isa = PBXFileReference; lastKnownFileType = sourcecode.swift; path = MusicTests.swift; sourceTree = "<group>"; };
		2C89A5792141AB7A007802C8 /* Info.plist */ = {isa = PBXFileReference; lastKnownFileType = text.plist.xml; path = Info.plist; sourceTree = "<group>"; };
		2C89A57E2141AB7A007802C8 /* MusicUITests.xctest */ = {isa = PBXFileReference; explicitFileType = wrapper.cfbundle; includeInIndex = 0; path = MusicUITests.xctest; sourceTree = BUILT_PRODUCTS_DIR; };
		2C89A5822141AB7A007802C8 /* MusicUITests.swift */ = {isa = PBXFileReference; lastKnownFileType = sourcecode.swift; path = MusicUITests.swift; sourceTree = "<group>"; };
		2C89A5842141AB7A007802C8 /* Info.plist */ = {isa = PBXFileReference; lastKnownFileType = text.plist.xml; path = Info.plist; sourceTree = "<group>"; };
		2CF49B872143DA8A00A2C757 /* PickerView.swift */ = {isa = PBXFileReference; lastKnownFileType = sourcecode.swift; path = PickerView.swift; sourceTree = "<group>"; };
		2CF49B8F2143FA2F00A2C757 /* MusicPresenter.swift */ = {isa = PBXFileReference; lastKnownFileType = sourcecode.swift; path = MusicPresenter.swift; sourceTree = "<group>"; };
		2CF49B932144542900A2C757 /* MusicDetailViewController.swift */ = {isa = PBXFileReference; lastKnownFileType = sourcecode.swift; path = MusicDetailViewController.swift; sourceTree = "<group>"; };
/* End PBXFileReference section */

/* Begin PBXFrameworksBuildPhase section */
		2C89A5592141AB79007802C8 /* Frameworks */ = {
			isa = PBXFrameworksBuildPhase;
			buildActionMask = 2147483647;
			files = (
			);
			runOnlyForDeploymentPostprocessing = 0;
		};
		2C89A5702141AB7A007802C8 /* Frameworks */ = {
			isa = PBXFrameworksBuildPhase;
			buildActionMask = 2147483647;
			files = (
			);
			runOnlyForDeploymentPostprocessing = 0;
		};
		2C89A57B2141AB7A007802C8 /* Frameworks */ = {
			isa = PBXFrameworksBuildPhase;
			buildActionMask = 2147483647;
			files = (
			);
			runOnlyForDeploymentPostprocessing = 0;
		};
/* End PBXFrameworksBuildPhase section */

/* Begin PBXGroup section */
		2C3A455B21449402005AF478 /* Artist */ = {
			isa = PBXGroup;
			children = (
				2C3A459B2144943C005AF478 /* Artist.swift */,
				2C3A459A2144943C005AF478 /* Artistattr.swift */,
				2C3A45962144943C005AF478 /* ArtistImage.swift */,
				2C3A45982144943C005AF478 /* Artistmatche.swift */,
				2C3A45972144943C005AF478 /* ArtistOpensearchQuery.swift */,
				2C3A45992144943C005AF478 /* ArtistResult.swift */,
				2C3A459C2144943C005AF478 /* ArtistRootClass.swift */,
			);
			path = Artist;
			sourceTree = "<group>";
		};
		2C3A455C21449409005AF478 /* Album */ = {
			isa = PBXGroup;
			children = (
				2C3A457C2144942D005AF478 /* Album.swift */,
				2C3A457F2144942D005AF478 /* Albumattr.swift */,
				2C3A457A2144942D005AF478 /* AlbumImage.swift */,
				2C3A457D2144942D005AF478 /* Albummatche.swift */,
				2C3A457B2144942D005AF478 /* AlbumOpensearchQuery.swift */,
				2C3A45802144942D005AF478 /* AlbumResult.swift */,
				2C3A457E2144942D005AF478 /* AlbumRootClass.swift */,
			);
			path = Album;
			sourceTree = "<group>";
		};
		2C3A455D2144940F005AF478 /* Track */ = {
			isa = PBXGroup;
			children = (
				2C3A456121449422005AF478 /* Track.swift */,
				2C3A455E21449422005AF478 /* Trackattr.swift */,
				2C3A456321449422005AF478 /* TrackImage.swift */,
				2C3A456021449422005AF478 /* Trackmatche.swift */,
				2C3A456421449422005AF478 /* TrackOpensearchQuery.swift */,
				2C3A456221449422005AF478 /* TrackResult.swift */,
				2C3A455F21449422005AF478 /* TrackRootClass.swift */,
			);
			path = Track;
			sourceTree = "<group>";
		};
		2C89A5532141AB79007802C8 = {
			isa = PBXGroup;
			children = (
				2C89A55E2141AB79007802C8 /* Music */,
				2C89A5762141AB7A007802C8 /* MusicTests */,
				2C89A5812141AB7A007802C8 /* MusicUITests */,
				2C89A55D2141AB79007802C8 /* Products */,
			);
			sourceTree = "<group>";
		};
		2C89A55D2141AB79007802C8 /* Products */ = {
			isa = PBXGroup;
			children = (
				2C89A55C2141AB79007802C8 /* Music.app */,
				2C89A5732141AB7A007802C8 /* MusicTests.xctest */,
				2C89A57E2141AB7A007802C8 /* MusicUITests.xctest */,
			);
			name = Products;
			sourceTree = "<group>";
		};
		2C89A55E2141AB79007802C8 /* Music */ = {
			isa = PBXGroup;
			children = (
				2CF49B9B214473DC00A2C757 /* Presenter */,
				2CF49B862143DA5C00A2C757 /* CustomView */,
				2C89A5B12141D467007802C8 /* ViewControllers */,
				2C89A5942141D443007802C8 /* Model */,
				2C89A55F2141AB79007802C8 /* AppDelegate.swift */,
				2C89A5632141AB7A007802C8 /* Main.storyboard */,
				2C89A5692141AB7A007802C8 /* Assets.xcassets */,
				2C89A56B2141AB7A007802C8 /* LaunchScreen.storyboard */,
				2C89A56E2141AB7A007802C8 /* Info.plist */,
				2C89A5662141AB7A007802C8 /* Music.xcdatamodeld */,
			);
			path = Music;
			sourceTree = "<group>";
		};
		2C89A5762141AB7A007802C8 /* MusicTests */ = {
			isa = PBXGroup;
			children = (
				2C89A5772141AB7A007802C8 /* MusicTests.swift */,
				2C89A5792141AB7A007802C8 /* Info.plist */,
			);
			path = MusicTests;
			sourceTree = "<group>";
		};
		2C89A5812141AB7A007802C8 /* MusicUITests */ = {
			isa = PBXGroup;
			children = (
				2C89A5822141AB7A007802C8 /* MusicUITests.swift */,
				2C89A5842141AB7A007802C8 /* Info.plist */,
			);
			path = MusicUITests;
			sourceTree = "<group>";
		};
		2C89A5942141D443007802C8 /* Model */ = {
			isa = PBXGroup;
			children = (
				2C3A455D2144940F005AF478 /* Track */,
				2C3A455C21449409005AF478 /* Album */,
				2C3A455B21449402005AF478 /* Artist */,
			);
			path = Model;
			sourceTree = "<group>";
		};
		2C89A5B12141D467007802C8 /* ViewControllers */ = {
			isa = PBXGroup;
			children = (
				2C89A5612141AB79007802C8 /* MainViewController.swift */,
				2CF49B932144542900A2C757 /* MusicDetailViewController.swift */,
			);
			path = ViewControllers;
			sourceTree = "<group>";
		};
		2CF49B862143DA5C00A2C757 /* CustomView */ = {
			isa = PBXGroup;
			children = (
				2CF49B872143DA8A00A2C757 /* PickerView.swift */,
			);
			path = CustomView;
			sourceTree = "<group>";
		};
		2CF49B9B214473DC00A2C757 /* Presenter */ = {
			isa = PBXGroup;
			children = (
				2CF49B8F2143FA2F00A2C757 /* MusicPresenter.swift */,
			);
			path = Presenter;
			sourceTree = "<group>";
		};
/* End PBXGroup section */

/* Begin PBXNativeTarget section */
		2C89A55B2141AB79007802C8 /* Music */ = {
			isa = PBXNativeTarget;
			buildConfigurationList = 2C89A5872141AB7A007802C8 /* Build configuration list for PBXNativeTarget "Music" */;
			buildPhases = (
				2C89A5582141AB79007802C8 /* Sources */,
				2C89A5592141AB79007802C8 /* Frameworks */,
				2C89A55A2141AB79007802C8 /* Resources */,
			);
			buildRules = (
			);
			dependencies = (
			);
			name = Music;
			productName = Music;
			productReference = 2C89A55C2141AB79007802C8 /* Music.app */;
			productType = "com.apple.product-type.application";
		};
		2C89A5722141AB7A007802C8 /* MusicTests */ = {
			isa = PBXNativeTarget;
			buildConfigurationList = 2C89A58A2141AB7A007802C8 /* Build configuration list for PBXNativeTarget "MusicTests" */;
			buildPhases = (
				2C89A56F2141AB7A007802C8 /* Sources */,
				2C89A5702141AB7A007802C8 /* Frameworks */,
				2C89A5712141AB7A007802C8 /* Resources */,
			);
			buildRules = (
			);
			dependencies = (
				2C89A5752141AB7A007802C8 /* PBXTargetDependency */,
			);
			name = MusicTests;
			productName = MusicTests;
			productReference = 2C89A5732141AB7A007802C8 /* MusicTests.xctest */;
			productType = "com.apple.product-type.bundle.unit-test";
		};
		2C89A57D2141AB7A007802C8 /* MusicUITests */ = {
			isa = PBXNativeTarget;
			buildConfigurationList = 2C89A58D2141AB7A007802C8 /* Build configuration list for PBXNativeTarget "MusicUITests" */;
			buildPhases = (
				2C89A57A2141AB7A007802C8 /* Sources */,
				2C89A57B2141AB7A007802C8 /* Frameworks */,
				2C89A57C2141AB7A007802C8 /* Resources */,
			);
			buildRules = (
			);
			dependencies = (
				2C89A5802141AB7A007802C8 /* PBXTargetDependency */,
			);
			name = MusicUITests;
			productName = MusicUITests;
			productReference = 2C89A57E2141AB7A007802C8 /* MusicUITests.xctest */;
			productType = "com.apple.product-type.bundle.ui-testing";
		};
/* End PBXNativeTarget section */

/* Begin PBXProject section */
		2C89A5542141AB79007802C8 /* Project object */ = {
			isa = PBXProject;
			attributes = {
				LastSwiftUpdateCheck = 0940;
				LastUpgradeCheck = 0940;
				ORGANIZATIONNAME = Sandeep;
				TargetAttributes = {
					2C89A55B2141AB79007802C8 = {
						CreatedOnToolsVersion = 9.4.1;
					};
					2C89A5722141AB7A007802C8 = {
						CreatedOnToolsVersion = 9.4.1;
						TestTargetID = 2C89A55B2141AB79007802C8;
					};
					2C89A57D2141AB7A007802C8 = {
						CreatedOnToolsVersion = 9.4.1;
						TestTargetID = 2C89A55B2141AB79007802C8;
					};
				};
			};
			buildConfigurationList = 2C89A5572141AB79007802C8 /* Build configuration list for PBXProject "Music" */;
			compatibilityVersion = "Xcode 9.3";
			developmentRegion = en;
			hasScannedForEncodings = 0;
			knownRegions = (
				en,
				Base,
			);
			mainGroup = 2C89A5532141AB79007802C8;
			productRefGroup = 2C89A55D2141AB79007802C8 /* Products */;
			projectDirPath = "";
			projectRoot = "";
			targets = (
				2C89A55B2141AB79007802C8 /* Music */,
				2C89A5722141AB7A007802C8 /* MusicTests */,
				2C89A57D2141AB7A007802C8 /* MusicUITests */,
			);
		};
/* End PBXProject section */

/* Begin PBXResourcesBuildPhase section */
		2C89A55A2141AB79007802C8 /* Resources */ = {
			isa = PBXResourcesBuildPhase;
			buildActionMask = 2147483647;
			files = (
				2C89A56D2141AB7A007802C8 /* LaunchScreen.storyboard in Resources */,
				2C89A56A2141AB7A007802C8 /* Assets.xcassets in Resources */,
				2C89A5652141AB7A007802C8 /* Main.storyboard in Resources */,
			);
			runOnlyForDeploymentPostprocessing = 0;
		};
		2C89A5712141AB7A007802C8 /* Resources */ = {
			isa = PBXResourcesBuildPhase;
			buildActionMask = 2147483647;
			files = (
			);
			runOnlyForDeploymentPostprocessing = 0;
		};
		2C89A57C2141AB7A007802C8 /* Resources */ = {
			isa = PBXResourcesBuildPhase;
			buildActionMask = 2147483647;
			files = (
			);
			runOnlyForDeploymentPostprocessing = 0;
		};
/* End PBXResourcesBuildPhase section */

/* Begin PBXSourcesBuildPhase section */
		2C89A5582141AB79007802C8 /* Sources */ = {
			isa = PBXSourcesBuildPhase;
			buildActionMask = 2147483647;
			files = (
				2C3A459D2144943C005AF478 /* ArtistImage.swift in Sources */,
				2C3A45AF2144943C005AF478 /* ArtistRootClass.swift in Sources */,
				2C3A45932144942E005AF478 /* AlbumResult.swift in Sources */,
				2C3A458A2144942E005AF478 /* Albummatche.swift in Sources */,
				2C89A5622141AB79007802C8 /* MainViewController.swift in Sources */,
				2C3A456E21449423005AF478 /* Track.swift in Sources */,
				2C3A457721449423005AF478 /* TrackOpensearchQuery.swift in Sources */,
				2C3A458D2144942E005AF478 /* AlbumRootClass.swift in Sources */,
				2C3A45A92144943C005AF478 /* Artistattr.swift in Sources */,
				2C3A45902144942E005AF478 /* Albumattr.swift in Sources */,
				2C3A456B21449423005AF478 /* Trackmatche.swift in Sources */,
				2CF49B942144542900A2C757 /* MusicDetailViewController.swift in Sources */,
				2C89A5602141AB79007802C8 /* AppDelegate.swift in Sources */,
				2C3A456521449423005AF478 /* Trackattr.swift in Sources */,
				2C3A45872144942E005AF478 /* Album.swift in Sources */,
				2C89A5682141AB7A007802C8 /* Music.xcdatamodeld in Sources */,
				2C3A457421449423005AF478 /* TrackImage.swift in Sources */,
				2C3A45A32144943C005AF478 /* Artistmatche.swift in Sources */,
				2CF49B902143FA2F00A2C757 /* MusicPresenter.swift in Sources */,
				2C3A45A02144943C005AF478 /* ArtistOpensearchQuery.swift in Sources */,
				2C3A45842144942E005AF478 /* AlbumOpensearchQuery.swift in Sources */,
				2C3A45A62144943C005AF478 /* ArtistResult.swift in Sources */,
				2C3A457121449423005AF478 /* TrackResult.swift in Sources */,
				2C3A45AC2144943C005AF478 /* Artist.swift in Sources */,
				2C3A45812144942E005AF478 /* AlbumImage.swift in Sources */,
				2C3A456821449423005AF478 /* TrackRootClass.swift in Sources */,
				2CF49B882143DA8A00A2C757 /* PickerView.swift in Sources */,
			);
			runOnlyForDeploymentPostprocessing = 0;
		};
		2C89A56F2141AB7A007802C8 /* Sources */ = {
			isa = PBXSourcesBuildPhase;
			buildActionMask = 2147483647;
			files = (
				2C3A457221449423005AF478 /* TrackResult.swift in Sources */,
				2C3A457821449423005AF478 /* TrackOpensearchQuery.swift in Sources */,
				2C3A45AA2144943C005AF478 /* Artistattr.swift in Sources */,
				2C3A456921449423005AF478 /* TrackRootClass.swift in Sources */,
				2C3A459E2144943C005AF478 /* ArtistImage.swift in Sources */,
				2CF49B952144542900A2C757 /* MusicDetailViewController.swift in Sources */,
				2C3A45AD2144943C005AF478 /* Artist.swift in Sources */,
				2CF49B912143FA2F00A2C757 /* MusicPresenter.swift in Sources */,
				2C3A45A42144943C005AF478 /* Artistmatche.swift in Sources */,
				2C3A45B02144943C005AF478 /* ArtistRootClass.swift in Sources */,
				2C3A45882144942E005AF478 /* Album.swift in Sources */,
				2C3A45852144942E005AF478 /* AlbumOpensearchQuery.swift in Sources */,
				2C3A45912144942E005AF478 /* Albumattr.swift in Sources */,
				2C3A45942144942E005AF478 /* AlbumResult.swift in Sources */,
				2C3A45A12144943C005AF478 /* ArtistOpensearchQuery.swift in Sources */,
				2C3A456F21449423005AF478 /* Track.swift in Sources */,
				2C3A456621449423005AF478 /* Trackattr.swift in Sources */,
				2C3A45822144942E005AF478 /* AlbumImage.swift in Sources */,
				2C3A458E2144942E005AF478 /* AlbumRootClass.swift in Sources */,
				2C89A5782141AB7A007802C8 /* MusicTests.swift in Sources */,
				2C3A45A72144943C005AF478 /* ArtistResult.swift in Sources */,
				2C3A457521449423005AF478 /* TrackImage.swift in Sources */,
				2C3A458B2144942E005AF478 /* Albummatche.swift in Sources */,
				2CF49B892143DA8A00A2C757 /* PickerView.swift in Sources */,
				2C3A456C21449423005AF478 /* Trackmatche.swift in Sources */,
			);
			runOnlyForDeploymentPostprocessing = 0;
		};
		2C89A57A2141AB7A007802C8 /* Sources */ = {
			isa = PBXSourcesBuildPhase;
			buildActionMask = 2147483647;
			files = (
				2C3A457321449423005AF478 /* TrackResult.swift in Sources */,
				2C3A457921449423005AF478 /* TrackOpensearchQuery.swift in Sources */,
				2C3A45AB2144943C005AF478 /* Artistattr.swift in Sources */,
				2C3A456A21449423005AF478 /* TrackRootClass.swift in Sources */,
				2C3A459F2144943C005AF478 /* ArtistImage.swift in Sources */,
				2CF49B962144542900A2C757 /* MusicDetailViewController.swift in Sources */,
				2C3A45AE2144943C005AF478 /* Artist.swift in Sources */,
				2CF49B922143FA2F00A2C757 /* MusicPresenter.swift in Sources */,
				2C3A45A52144943C005AF478 /* Artistmatche.swift in Sources */,
				2C3A45B12144943C005AF478 /* ArtistRootClass.swift in Sources */,
				2C3A45892144942E005AF478 /* Album.swift in Sources */,
				2C3A45862144942E005AF478 /* AlbumOpensearchQuery.swift in Sources */,
				2C3A45922144942E005AF478 /* Albumattr.swift in Sources */,
				2C3A45952144942E005AF478 /* AlbumResult.swift in Sources */,
				2C3A45A22144943C005AF478 /* ArtistOpensearchQuery.swift in Sources */,
				2C3A457021449423005AF478 /* Track.swift in Sources */,
				2C3A456721449423005AF478 /* Trackattr.swift in Sources */,
				2C3A45832144942E005AF478 /* AlbumImage.swift in Sources */,
				2C3A458F2144942E005AF478 /* AlbumRootClass.swift in Sources */,
				2C89A5832141AB7A007802C8 /* MusicUITests.swift in Sources */,
				2C3A45A82144943C005AF478 /* ArtistResult.swift in Sources */,
				2C3A457621449423005AF478 /* TrackImage.swift in Sources */,
				2C3A458C2144942E005AF478 /* Albummatche.swift in Sources */,
				2CF49B8A2143DA8A00A2C757 /* PickerView.swift in Sources */,
				2C3A456D21449423005AF478 /* Trackmatche.swift in Sources */,
			);
			runOnlyForDeploymentPostprocessing = 0;
		};
/* End PBXSourcesBuildPhase section */

/* Begin PBXTargetDependency section */
		2C89A5752141AB7A007802C8 /* PBXTargetDependency */ = {
			isa = PBXTargetDependency;
			target = 2C89A55B2141AB79007802C8 /* Music */;
			targetProxy = 2C89A5742141AB7A007802C8 /* PBXContainerItemProxy */;
		};
		2C89A5802141AB7A007802C8 /* PBXTargetDependency */ = {
			isa = PBXTargetDependency;
			target = 2C89A55B2141AB79007802C8 /* Music */;
			targetProxy = 2C89A57F2141AB7A007802C8 /* PBXContainerItemProxy */;
		};
/* End PBXTargetDependency section */

/* Begin PBXVariantGroup section */
		2C89A5632141AB7A007802C8 /* Main.storyboard */ = {
			isa = PBXVariantGroup;
			children = (
				2C89A5642141AB7A007802C8 /* Base */,
			);
			name = Main.storyboard;
			sourceTree = "<group>";
		};
		2C89A56B2141AB7A007802C8 /* LaunchScreen.storyboard */ = {
			isa = PBXVariantGroup;
			children = (
				2C89A56C2141AB7A007802C8 /* Base */,
			);
			name = LaunchScreen.storyboard;
			sourceTree = "<group>";
		};
/* End PBXVariantGroup section */

/* Begin XCBuildConfiguration section */
		2C89A5852141AB7A007802C8 /* Debug */ = {
			isa = XCBuildConfiguration;
			buildSettings = {
				ALWAYS_SEARCH_USER_PATHS = NO;
				CLANG_ANALYZER_NONNULL = YES;
				CLANG_ANALYZER_NUMBER_OBJECT_CONVERSION = YES_AGGRESSIVE;
				CLANG_CXX_LANGUAGE_STANDARD = "gnu++14";
				CLANG_CXX_LIBRARY = "libc++";
				CLANG_ENABLE_MODULES = YES;
				CLANG_ENABLE_OBJC_ARC = YES;
				CLANG_ENABLE_OBJC_WEAK = YES;
				CLANG_WARN_BLOCK_CAPTURE_AUTORELEASING = YES;
				CLANG_WARN_BOOL_CONVERSION = YES;
				CLANG_WARN_COMMA = YES;
				CLANG_WARN_CONSTANT_CONVERSION = YES;
				CLANG_WARN_DEPRECATED_OBJC_IMPLEMENTATIONS = YES;
				CLANG_WARN_DIRECT_OBJC_ISA_USAGE = YES_ERROR;
				CLANG_WARN_DOCUMENTATION_COMMENTS = YES;
				CLANG_WARN_EMPTY_BODY = YES;
				CLANG_WARN_ENUM_CONVERSION = YES;
				CLANG_WARN_INFINITE_RECURSION = YES;
				CLANG_WARN_INT_CONVERSION = YES;
				CLANG_WARN_NON_LITERAL_NULL_CONVERSION = YES;
				CLANG_WARN_OBJC_IMPLICIT_RETAIN_SELF = YES;
				CLANG_WARN_OBJC_LITERAL_CONVERSION = YES;
				CLANG_WARN_OBJC_ROOT_CLASS = YES_ERROR;
				CLANG_WARN_RANGE_LOOP_ANALYSIS = YES;
				CLANG_WARN_STRICT_PROTOTYPES = YES;
				CLANG_WARN_SUSPICIOUS_MOVE = YES;
				CLANG_WARN_UNGUARDED_AVAILABILITY = YES_AGGRESSIVE;
				CLANG_WARN_UNREACHABLE_CODE = YES;
				CLANG_WARN__DUPLICATE_METHOD_MATCH = YES;
				CODE_SIGN_IDENTITY = "iPhone Developer";
				COPY_PHASE_STRIP = NO;
				DEBUG_INFORMATION_FORMAT = dwarf;
				ENABLE_STRICT_OBJC_MSGSEND = YES;
				ENABLE_TESTABILITY = YES;
				GCC_C_LANGUAGE_STANDARD = gnu11;
				GCC_DYNAMIC_NO_PIC = NO;
				GCC_NO_COMMON_BLOCKS = YES;
				GCC_OPTIMIZATION_LEVEL = 0;
				GCC_PREPROCESSOR_DEFINITIONS = (
					"DEBUG=1",
					"$(inherited)",
				);
				GCC_WARN_64_TO_32_BIT_CONVERSION = YES;
				GCC_WARN_ABOUT_RETURN_TYPE = YES_ERROR;
				GCC_WARN_UNDECLARED_SELECTOR = YES;
				GCC_WARN_UNINITIALIZED_AUTOS = YES_AGGRESSIVE;
				GCC_WARN_UNUSED_FUNCTION = YES;
				GCC_WARN_UNUSED_VARIABLE = YES;
				IPHONEOS_DEPLOYMENT_TARGET = 11.4;
				MTL_ENABLE_DEBUG_INFO = YES;
				ONLY_ACTIVE_ARCH = YES;
				SDKROOT = iphoneos;
				SWIFT_ACTIVE_COMPILATION_CONDITIONS = DEBUG;
				SWIFT_OPTIMIZATION_LEVEL = "-Onone";
			};
			name = Debug;
		};
		2C89A5862141AB7A007802C8 /* Release */ = {
			isa = XCBuildConfiguration;
			buildSettings = {
				ALWAYS_SEARCH_USER_PATHS = NO;
				CLANG_ANALYZER_NONNULL = YES;
				CLANG_ANALYZER_NUMBER_OBJECT_CONVERSION = YES_AGGRESSIVE;
				CLANG_CXX_LANGUAGE_STANDARD = "gnu++14";
				CLANG_CXX_LIBRARY = "libc++";
				CLANG_ENABLE_MODULES = YES;
				CLANG_ENABLE_OBJC_ARC = YES;
				CLANG_ENABLE_OBJC_WEAK = YES;
				CLANG_WARN_BLOCK_CAPTURE_AUTORELEASING = YES;
				CLANG_WARN_BOOL_CONVERSION = YES;
				CLANG_WARN_COMMA = YES;
				CLANG_WARN_CONSTANT_CONVERSION = YES;
				CLANG_WARN_DEPRECATED_OBJC_IMPLEMENTATIONS = YES;
				CLANG_WARN_DIRECT_OBJC_ISA_USAGE = YES_ERROR;
				CLANG_WARN_DOCUMENTATION_COMMENTS = YES;
				CLANG_WARN_EMPTY_BODY = YES;
				CLANG_WARN_ENUM_CONVERSION = YES;
				CLANG_WARN_INFINITE_RECURSION = YES;
				CLANG_WARN_INT_CONVERSION = YES;
				CLANG_WARN_NON_LITERAL_NULL_CONVERSION = YES;
				CLANG_WARN_OBJC_IMPLICIT_RETAIN_SELF = YES;
				CLANG_WARN_OBJC_LITERAL_CONVERSION = YES;
				CLANG_WARN_OBJC_ROOT_CLASS = YES_ERROR;
				CLANG_WARN_RANGE_LOOP_ANALYSIS = YES;
				CLANG_WARN_STRICT_PROTOTYPES = YES;
				CLANG_WARN_SUSPICIOUS_MOVE = YES;
				CLANG_WARN_UNGUARDED_AVAILABILITY = YES_AGGRESSIVE;
				CLANG_WARN_UNREACHABLE_CODE = YES;
				CLANG_WARN__DUPLICATE_METHOD_MATCH = YES;
				CODE_SIGN_IDENTITY = "iPhone Developer";
				COPY_PHASE_STRIP = NO;
				DEBUG_INFORMATION_FORMAT = "dwarf-with-dsym";
				ENABLE_NS_ASSERTIONS = NO;
				ENABLE_STRICT_OBJC_MSGSEND = YES;
				GCC_C_LANGUAGE_STANDARD = gnu11;
				GCC_NO_COMMON_BLOCKS = YES;
				GCC_WARN_64_TO_32_BIT_CONVERSION = YES;
				GCC_WARN_ABOUT_RETURN_TYPE = YES_ERROR;
				GCC_WARN_UNDECLARED_SELECTOR = YES;
				GCC_WARN_UNINITIALIZED_AUTOS = YES_AGGRESSIVE;
				GCC_WARN_UNUSED_FUNCTION = YES;
				GCC_WARN_UNUSED_VARIABLE = YES;
				IPHONEOS_DEPLOYMENT_TARGET = 11.4;
				MTL_ENABLE_DEBUG_INFO = NO;
				SDKROOT = iphoneos;
				SWIFT_COMPILATION_MODE = wholemodule;
				SWIFT_OPTIMIZATION_LEVEL = "-O";
				VALIDATE_PRODUCT = YES;
			};
			name = Release;
		};
		2C89A5882141AB7A007802C8 /* Debug */ = {
			isa = XCBuildConfiguration;
			buildSettings = {
				ASSETCATALOG_COMPILER_APPICON_NAME = AppIcon;
				CODE_SIGN_IDENTITY = "iPhone Developer";
				CODE_SIGN_STYLE = Automatic;
				DEVELOPMENT_TEAM = CSF3728S3M;
				FRAMEWORK_SEARCH_PATHS = (
					"$(inherited)",
					"$(PROJECT_DIR)",
				);
				INFOPLIST_FILE = Music/Info.plist;
				LD_RUNPATH_SEARCH_PATHS = (
					"$(inherited)",
					"@executable_path/Frameworks",
				);
				PRODUCT_BUNDLE_IDENTIFIER = com.test.jsontest.Music;
				PRODUCT_NAME = "$(TARGET_NAME)";
				PROVISIONING_PROFILE_SPECIFIER = "";
				SWIFT_VERSION = 3.0;
				TARGETED_DEVICE_FAMILY = "1,2";
			};
			name = Debug;
		};
		2C89A5892141AB7A007802C8 /* Release */ = {
			isa = XCBuildConfiguration;
			buildSettings = {
				ASSETCATALOG_COMPILER_APPICON_NAME = AppIcon;
				CODE_SIGN_IDENTITY = "iPhone Developer";
				CODE_SIGN_STYLE = Automatic;
				DEVELOPMENT_TEAM = CSF3728S3M;
				FRAMEWORK_SEARCH_PATHS = (
					"$(inherited)",
					"$(PROJECT_DIR)",
				);
				INFOPLIST_FILE = Music/Info.plist;
				LD_RUNPATH_SEARCH_PATHS = (
					"$(inherited)",
					"@executable_path/Frameworks",
				);
				PRODUCT_BUNDLE_IDENTIFIER = com.test.jsontest.Music;
				PRODUCT_NAME = "$(TARGET_NAME)";
				PROVISIONING_PROFILE_SPECIFIER = "";
				SWIFT_VERSION = 3.0;
				TARGETED_DEVICE_FAMILY = "1,2";
			};
			name = Release;
		};
		2C89A58B2141AB7A007802C8 /* Debug */ = {
			isa = XCBuildConfiguration;
			buildSettings = {
				ALWAYS_EMBED_SWIFT_STANDARD_LIBRARIES = YES;
				BUNDLE_LOADER = "$(TEST_HOST)";
				CODE_SIGN_STYLE = Automatic;
				DEVELOPMENT_TEAM = CSF3728S3M;
				INFOPLIST_FILE = MusicTests/Info.plist;
				LD_RUNPATH_SEARCH_PATHS = (
					"$(inherited)",
					"@executable_path/Frameworks",
					"@loader_path/Frameworks",
				);
				PRODUCT_BUNDLE_IDENTIFIER = com.test.jsontest.MusicTests;
				PRODUCT_NAME = "$(TARGET_NAME)";
				SWIFT_VERSION = 4.0;
				TARGETED_DEVICE_FAMILY = "1,2";
				TEST_HOST = "$(BUILT_PRODUCTS_DIR)/Music.app/Music";
			};
			name = Debug;
		};
		2C89A58C2141AB7A007802C8 /* Release */ = {
			isa = XCBuildConfiguration;
			buildSettings = {
				ALWAYS_EMBED_SWIFT_STANDARD_LIBRARIES = YES;
				BUNDLE_LOADER = "$(TEST_HOST)";
				CODE_SIGN_STYLE = Automatic;
				DEVELOPMENT_TEAM = CSF3728S3M;
				INFOPLIST_FILE = MusicTests/Info.plist;
				LD_RUNPATH_SEARCH_PATHS = (
					"$(inherited)",
					"@executable_path/Frameworks",
					"@loader_path/Frameworks",
				);
				PRODUCT_BUNDLE_IDENTIFIER = com.test.jsontest.MusicTests;
				PRODUCT_NAME = "$(TARGET_NAME)";
				SWIFT_VERSION = 4.0;
				TARGETED_DEVICE_FAMILY = "1,2";
				TEST_HOST = "$(BUILT_PRODUCTS_DIR)/Music.app/Music";
			};
			name = Release;
		};
		2C89A58E2141AB7A007802C8 /* Debug */ = {
			isa = XCBuildConfiguration;
			buildSettings = {
				ALWAYS_EMBED_SWIFT_STANDARD_LIBRARIES = YES;
				CODE_SIGN_STYLE = Automatic;
				DEVELOPMENT_TEAM = CSF3728S3M;
				INFOPLIST_FILE = MusicUITests/Info.plist;
				LD_RUNPATH_SEARCH_PATHS = (
					"$(inherited)",
					"@executable_path/Frameworks",
					"@loader_path/Frameworks",
				);
				PRODUCT_BUNDLE_IDENTIFIER = com.test.jsontest.MusicUITests;
				PRODUCT_NAME = "$(TARGET_NAME)";
				SWIFT_VERSION = 4.0;
				TARGETED_DEVICE_FAMILY = "1,2";
				TEST_TARGET_NAME = Music;
			};
			name = Debug;
		};
		2C89A58F2141AB7A007802C8 /* Release */ = {
			isa = XCBuildConfiguration;
			buildSettings = {
				ALWAYS_EMBED_SWIFT_STANDARD_LIBRARIES = YES;
				CODE_SIGN_STYLE = Automatic;
				DEVELOPMENT_TEAM = CSF3728S3M;
				INFOPLIST_FILE = MusicUITests/Info.plist;
				LD_RUNPATH_SEARCH_PATHS = (
					"$(inherited)",
					"@executable_path/Frameworks",
					"@loader_path/Frameworks",
				);
				PRODUCT_BUNDLE_IDENTIFIER = com.test.jsontest.MusicUITests;
				PRODUCT_NAME = "$(TARGET_NAME)";
				SWIFT_VERSION = 4.0;
				TARGETED_DEVICE_FAMILY = "1,2";
				TEST_TARGET_NAME = Music;
			};
			name = Release;
		};
/* End XCBuildConfiguration section */

/* Begin XCConfigurationList section */
		2C89A5572141AB79007802C8 /* Build configuration list for PBXProject "Music" */ = {
			isa = XCConfigurationList;
			buildConfigurations = (
				2C89A5852141AB7A007802C8 /* Debug */,
				2C89A5862141AB7A007802C8 /* Release */,
			);
			defaultConfigurationIsVisible = 0;
			defaultConfigurationName = Release;
		};
		2C89A5872141AB7A007802C8 /* Build configuration list for PBXNativeTarget "Music" */ = {
			isa = XCConfigurationList;
			buildConfigurations = (
				2C89A5882141AB7A007802C8 /* Debug */,
				2C89A5892141AB7A007802C8 /* Release */,
			);
			defaultConfigurationIsVisible = 0;
			defaultConfigurationName = Release;
		};
		2C89A58A2141AB7A007802C8 /* Build configuration list for PBXNativeTarget "MusicTests" */ = {
			isa = XCConfigurationList;
			buildConfigurations = (
				2C89A58B2141AB7A007802C8 /* Debug */,
				2C89A58C2141AB7A007802C8 /* Release */,
			);
			defaultConfigurationIsVisible = 0;
			defaultConfigurationName = Release;
		};
		2C89A58D2141AB7A007802C8 /* Build configuration list for PBXNativeTarget "MusicUITests" */ = {
			isa = XCConfigurationList;
			buildConfigurations = (
				2C89A58E2141AB7A007802C8 /* Debug */,
				2C89A58F2141AB7A007802C8 /* Release */,
			);
			defaultConfigurationIsVisible = 0;
			defaultConfigurationName = Release;
		};
/* End XCConfigurationList section */

/* Begin XCVersionGroup section */
		2C89A5662141AB7A007802C8 /* Music.xcdatamodeld */ = {
			isa = XCVersionGroup;
			children = (
				2C89A5672141AB7A007802C8 /* Music.xcdatamodel */,
			);
			currentVersion = 2C89A5672141AB7A007802C8 /* Music.xcdatamodel */;
			path = Music.xcdatamodeld;
			sourceTree = "<group>";
			versionGroupType = wrapper.xcdatamodel;
		};
/* End XCVersionGroup section */
	};
	rootObject = 2C89A5542141AB79007802C8 /* Project object */;
}
